// !$*UTF8*$!
{
	archiveVersion = 1;
	classes = {
	};
	objectVersion = 46;
	objects = {

/* Begin PBXBuildFile section */
		059745111D7DA4AB00B15969 /* main.cpp in Sources */ = {isa = PBXBuildFile; fileRef = 059745101D7DA4AB00B15969 /* main.cpp */; };
/* End PBXBuildFile section */

/* Begin PBXCopyFilesBuildPhase section */
		0597450B1D7DA4AB00B15969 /* CopyFiles */ = {
			isa = PBXCopyFilesBuildPhase;
			buildActionMask = 2147483647;
			dstPath = /usr/share/man/man1/;
			dstSubfolderSpec = 0;
			files = (
			);
			runOnlyForDeploymentPostprocessing = 1;
		};
/* End PBXCopyFilesBuildPhase section */

/* Begin PBXFileReference section */
		0597450D1D7DA4AB00B15969 /* 11991 - Easy Problem from Rujia Liu? */ = {isa = PBXFileReference; explicitFileType = "compiled.mach-o.executable"; includeInIndex = 0; path = "11991 - Easy Problem from Rujia Liu?"; sourceTree = BUILT_PRODUCTS_DIR; };
		059745101D7DA4AB00B15969 /* main.cpp */ = {isa = PBXFileReference; lastKnownFileType = sourcecode.cpp.cpp; path = main.cpp; sourceTree = "<group>"; };
/* End PBXFileReference section */

/* Begin PBXFrameworksBuildPhase section */
		0597450A1D7DA4AB00B15969 /* Frameworks */ = {
			isa = PBXFrameworksBuildPhase;
			buildActionMask = 2147483647;
			files = (
			);
			runOnlyForDeploymentPostprocessing = 0;
		};
/* End PBXFrameworksBuildPhase section */

/* Begin PBXGroup section */
		059745041D7DA4AB00B15969 = {
			isa = PBXGroup;
			children = (
				0597450F1D7DA4AB00B15969 /* 11991 - Easy Problem from Rujia Liu? */,
				0597450E1D7DA4AB00B15969 /* Products */,
			);
			sourceTree = "<group>";
		};
		0597450E1D7DA4AB00B15969 /* Products */ = {
			isa = PBXGroup;
			children = (
				0597450D1D7DA4AB00B15969 /* 11991 - Easy Problem from Rujia Liu? */,
			);
			name = Products;
			sourceTree = "<group>";
		};
		0597450F1D7DA4AB00B15969 /* 11991 - Easy Problem from Rujia Liu? */ = {
			isa = PBXGroup;
			children = (
				059745101D7DA4AB00B15969 /* main.cpp */,
			);
			path = "11991 - Easy Problem from Rujia Liu?";
			sourceTree = "<group>";
		};
/* End PBXGroup section */

/* Begin PBXNativeTarget section */
		0597450C1D7DA4AB00B15969 /* 11991 - Easy Problem from Rujia Liu? */ = {
			isa = PBXNativeTarget;
			buildConfigurationList = 059745141D7DA4AB00B15969 /* Build configuration list for PBXNativeTarget "11991 - Easy Problem from Rujia Liu?" */;
			buildPhases = (
				059745091D7DA4AB00B15969 /* Sources */,
				0597450A1D7DA4AB00B15969 /* Frameworks */,
				0597450B1D7DA4AB00B15969 /* CopyFiles */,
			);
			buildRules = (
			);
			dependencies = (
			);
			name = "11991 - Easy Problem from Rujia Liu?";
			productName = "11991 - Easy Problem from Rujia Liu?";
			productReference = 0597450D1D7DA4AB00B15969 /* 11991 - Easy Problem from Rujia Liu? */;
			productType = "com.apple.product-type.tool";
		};
/* End PBXNativeTarget section */

/* Begin PBXProject section */
		059745051D7DA4AB00B15969 /* Project object */ = {
			isa = PBXProject;
			attributes = {
				LastUpgradeCheck = 0800;
				ORGANIZATIONNAME = "S M HEMEL";
				TargetAttributes = {
					0597450C1D7DA4AB00B15969 = {
						CreatedOnToolsVersion = 8.0;
						ProvisioningStyle = Automatic;
					};
				};
			};
			buildConfigurationList = 059745081D7DA4AB00B15969 /* Build configuration list for PBXProject "11991 - Easy Problem from Rujia Liu?" */;
			compatibilityVersion = "Xcode 3.2";
			developmentRegion = English;
			hasScannedForEncodings = 0;
			knownRegions = (
				en,
			);
			mainGroup = 059745041D7DA4AB00B15969;
			productRefGroup = 0597450E1D7DA4AB00B15969 /* Products */;
			projectDirPath = "";
			projectRoot = "";
			targets = (
				0597450C1D7DA4AB00B15969 /* 11991 - Easy Problem from Rujia Liu? */,
			);
		};
/* End PBXProject section */

/* Begin PBXSourcesBuildPhase section */
		059745091D7DA4AB00B15969 /* Sources */ = {
			isa = PBXSourcesBuildPhase;
			buildActionMask = 2147483647;
			files = (
				059745111D7DA4AB00B15969 /* main.cpp in Sources */,
			);
			runOnlyForDeploymentPostprocessing = 0;
		};
/* End PBXSourcesBuildPhase section */

/* Begin XCBuildConfiguration section */
		059745121D7DA4AB00B15969 /* Debug */ = {
			isa = XCBuildConfiguration;
			buildSettings = {
				ALWAYS_SEARCH_USER_PATHS = NO;
				CLANG_ANALYZER_NONNULL = YES;
				CLANG_CXX_LANGUAGE_STANDARD = "gnu++0x";
				CLANG_CXX_LIBRARY = "libc++";
				CLANG_ENABLE_MODULES = YES;
				CLANG_ENABLE_OBJC_ARC = YES;
				CLANG_WARN_BOOL_CONVERSION = YES;
				CLANG_WARN_CONSTANT_CONVERSION = YES;
				CLANG_WARN_DIRECT_OBJC_ISA_USAGE = YES_ERROR;
				CLANG_WARN_DOCUMENTATION_COMMENTS = YES;
				CLANG_WARN_EMPTY_BODY = YES;
				CLANG_WARN_ENUM_CONVERSION = YES;
				CLANG_WARN_INFINITE_RECURSION = YES;
				CLANG_WARN_INT_CONVERSION = YES;
				CLANG_WARN_OBJC_ROOT_CLASS = YES_ERROR;
				CLANG_WARN_SUSPICIOUS_MOVES = YES;
				CLANG_WARN_UNREACHABLE_CODE = YES;
				CLANG_WARN__DUPLICATE_METHOD_MATCH = YES;
				CODE_SIGN_IDENTITY = "-";
				COPY_PHASE_STRIP = NO;
				DEBUG_INFORMATION_FORMAT = dwarf;
				ENABLE_STRICT_OBJC_MSGSEND = YES;
				ENABLE_TESTABILITY = YES;
				GCC_C_LANGUAGE_STANDARD = gnu99;
				GCC_DYNAMIC_NO_PIC = NO;
				GCC_NO_COMMON_BLOCKS = YES;
				GCC_OPTIMIZATION_LEVEL = 0;
				GCC_PREPROCESSOR_DEFINITIONS = (
					"DEBUG=1",
					"$(inherited)",
				);
				GCC_WARN_64_TO_32_BIT_CONVERSION = YES;
				GCC_WARN_ABOUT_RETURN_TYPE = YES_ERROR;
				GCC_WARN_UNDECLARED_SELECTOR = YES;
				GCC_WARN_UNINITIALIZED_AUTOS = YES_AGGRESSIVE;
				GCC_WARN_UNUSED_FUNCTION = YES;
				GCC_WARN_UNUSED_VARIABLE = YES;
				MACOSX_DEPLOYMENT_TARGET = 10.11;
				MTL_ENABLE_DEBUG_INFO = YES;
				ONLY_ACTIVE_ARCH = YES;
				SDKROOT = macosx;
			};
			name = Debug;
		};
		059745131D7DA4AB00B15969 /* Release */ = {
			isa = XCBuildConfiguration;
			buildSettings = {
				ALWAYS_SEARCH_USER_PATHS = NO;
				CLANG_ANALYZER_NONNULL = YES;
				CLANG_CXX_LANGUAGE_STANDARD = "gnu++0x";
				CLANG_CXX_LIBRARY = "libc++";
				CLANG_ENABLE_MODULES = YES;
				CLANG_ENABLE_OBJC_ARC = YES;
				CLANG_WARN_BOOL_CONVERSION = YES;
				CLANG_WARN_CONSTANT_CONVERSION = YES;
				CLANG_WARN_DIRECT_OBJC_ISA_USAGE = YES_ERROR;
				CLANG_WARN_DOCUMENTATION_COMMENTS = YES;
				CLANG_WARN_EMPTY_BODY = YES;
				CLANG_WARN_ENUM_CONVERSION = YES;
				CLANG_WARN_INFINITE_RECURSION = YES;
				CLANG_WARN_INT_CONVERSION = YES;
				CLANG_WARN_OBJC_ROOT_CLASS = YES_ERROR;
				CLANG_WARN_SUSPICIOUS_MOVES = YES;
				CLANG_WARN_UNREACHABLE_CODE = YES;
				CLANG_WARN__DUPLICATE_METHOD_MATCH = YES;
				CODE_SIGN_IDENTITY = "-";
				COPY_PHASE_STRIP = NO;
				DEBUG_INFORMATION_FORMAT = "dwarf-with-dsym";
				ENABLE_NS_ASSERTIONS = NO;
				ENABLE_STRICT_OBJC_MSGSEND = YES;
				GCC_C_LANGUAGE_STANDARD = gnu99;
				GCC_NO_COMMON_BLOCKS = YES;
				GCC_WARN_64_TO_32_BIT_CONVERSION = YES;
				GCC_WARN_ABOUT_RETURN_TYPE = YES_ERROR;
				GCC_WARN_UNDECLARED_SELECTOR = YES;
				GCC_WARN_UNINITIALIZED_AUTOS = YES_AGGRESSIVE;
				GCC_WARN_UNUSED_FUNCTION = YES;
				GCC_WARN_UNUSED_VARIABLE = YES;
				MACOSX_DEPLOYMENT_TARGET = 10.11;
				MTL_ENABLE_DEBUG_INFO = NO;
				SDKROOT = macosx;
			};
			name = Release;
		};
		059745151D7DA4AB00B15969 /* Debug */ = {
			isa = XCBuildConfiguration;
			buildSettings = {
				PRODUCT_NAME = "$(TARGET_NAME)";
			};
			name = Debug;
		};
		059745161D7DA4AB00B15969 /* Release */ = {
			isa = XCBuildConfiguration;
			buildSettings = {
				PRODUCT_NAME = "$(TARGET_NAME)";
			};
			name = Release;
		};
/* End XCBuildConfiguration section */

/* Begin XCConfigurationList section */
		059745081D7DA4AB00B15969 /* Build configuration list for PBXProject "11991 - Easy Problem from Rujia Liu?" */ = {
			isa = XCConfigurationList;
			buildConfigurations = (
				059745121D7DA4AB00B15969 /* Debug */,
				059745131D7DA4AB00B15969 /* Release */,
			);
			defaultConfigurationIsVisible = 0;
			defaultConfigurationName = Release;
		};
		059745141D7DA4AB00B15969 /* Build configuration list for PBXNativeTarget "11991 - Easy Problem from Rujia Liu?" */ = {
			isa = XCConfigurationList;
			buildConfigurations = (
				059745151D7DA4AB00B15969 /* Debug */,
				059745161D7DA4AB00B15969 /* Release */,
			);
			defaultConfigurationIsVisible = 0;
			defaultConfigurationName = Release;
		};
/* End XCConfigurationList section */
	};
	rootObject = 059745051D7DA4AB00B15969 /* Project object */;
}
