// !$*UTF8*$!
{
	archiveVersion = 1;
	classes = {
	};
	objectVersion = 46;
	objects = {

/* Begin PBXBuildFile section */
		0513C1B21DDF72AC00CC4CE4 /* main.cpp in Sources */ = {isa = PBXBuildFile; fileRef = 0513C1B11DDF72AC00CC4CE4 /* main.cpp */; };
/* End PBXBuildFile section */

/* Begin PBXCopyFilesBuildPhase section */
		0513C1AC1DDF72AC00CC4CE4 /* CopyFiles */ = {
			isa = PBXCopyFilesBuildPhase;
			buildActionMask = 2147483647;
			dstPath = /usr/share/man/man1/;
			dstSubfolderSpec = 0;
			files = (
			);
			runOnlyForDeploymentPostprocessing = 1;
		};
/* End PBXCopyFilesBuildPhase section */

/* Begin PBXFileReference section */
		0513C1AE1DDF72AC00CC4CE4 /* Uva 357 - Let Me Count The Ways */ = {isa = PBXFileReference; explicitFileType = "compiled.mach-o.executable"; includeInIndex = 0; path = "Uva 357 - Let Me Count The Ways"; sourceTree = BUILT_PRODUCTS_DIR; };
		0513C1B11DDF72AC00CC4CE4 /* main.cpp */ = {isa = PBXFileReference; lastKnownFileType = sourcecode.cpp.cpp; path = main.cpp; sourceTree = "<group>"; };
/* End PBXFileReference section */

/* Begin PBXFrameworksBuildPhase section */
		0513C1AB1DDF72AC00CC4CE4 /* Frameworks */ = {
			isa = PBXFrameworksBuildPhase;
			buildActionMask = 2147483647;
			files = (
			);
			runOnlyForDeploymentPostprocessing = 0;
		};
/* End PBXFrameworksBuildPhase section */

/* Begin PBXGroup section */
		0513C1A51DDF72AC00CC4CE4 = {
			isa = PBXGroup;
			children = (
				0513C1B01DDF72AC00CC4CE4 /* Uva 357 - Let Me Count The Ways */,
				0513C1AF1DDF72AC00CC4CE4 /* Products */,
			);
			sourceTree = "<group>";
		};
		0513C1AF1DDF72AC00CC4CE4 /* Products */ = {
			isa = PBXGroup;
			children = (
				0513C1AE1DDF72AC00CC4CE4 /* Uva 357 - Let Me Count The Ways */,
			);
			name = Products;
			sourceTree = "<group>";
		};
		0513C1B01DDF72AC00CC4CE4 /* Uva 357 - Let Me Count The Ways */ = {
			isa = PBXGroup;
			children = (
				0513C1B11DDF72AC00CC4CE4 /* main.cpp */,
			);
			path = "Uva 357 - Let Me Count The Ways";
			sourceTree = "<group>";
		};
/* End PBXGroup section */

/* Begin PBXNativeTarget section */
		0513C1AD1DDF72AC00CC4CE4 /* Uva 357 - Let Me Count The Ways */ = {
			isa = PBXNativeTarget;
			buildConfigurationList = 0513C1B51DDF72AC00CC4CE4 /* Build configuration list for PBXNativeTarget "Uva 357 - Let Me Count The Ways" */;
			buildPhases = (
				0513C1AA1DDF72AC00CC4CE4 /* Sources */,
				0513C1AB1DDF72AC00CC4CE4 /* Frameworks */,
				0513C1AC1DDF72AC00CC4CE4 /* CopyFiles */,
			);
			buildRules = (
			);
			dependencies = (
			);
			name = "Uva 357 - Let Me Count The Ways";
			productName = "Uva 357 - Let Me Count The Ways";
			productReference = 0513C1AE1DDF72AC00CC4CE4 /* Uva 357 - Let Me Count The Ways */;
			productType = "com.apple.product-type.tool";
		};
/* End PBXNativeTarget section */

/* Begin PBXProject section */
		0513C1A61DDF72AC00CC4CE4 /* Project object */ = {
			isa = PBXProject;
			attributes = {
				LastUpgradeCheck = 0800;
				ORGANIZATIONNAME = "S M HEMEL";
				TargetAttributes = {
					0513C1AD1DDF72AC00CC4CE4 = {
						CreatedOnToolsVersion = 8.0;
						ProvisioningStyle = Automatic;
					};
				};
			};
			buildConfigurationList = 0513C1A91DDF72AC00CC4CE4 /* Build configuration list for PBXProject "Uva 357 - Let Me Count The Ways" */;
			compatibilityVersion = "Xcode 3.2";
			developmentRegion = English;
			hasScannedForEncodings = 0;
			knownRegions = (
				en,
			);
			mainGroup = 0513C1A51DDF72AC00CC4CE4;
			productRefGroup = 0513C1AF1DDF72AC00CC4CE4 /* Products */;
			projectDirPath = "";
			projectRoot = "";
			targets = (
				0513C1AD1DDF72AC00CC4CE4 /* Uva 357 - Let Me Count The Ways */,
			);
		};
/* End PBXProject section */

/* Begin PBXSourcesBuildPhase section */
		0513C1AA1DDF72AC00CC4CE4 /* Sources */ = {
			isa = PBXSourcesBuildPhase;
			buildActionMask = 2147483647;
			files = (
				0513C1B21DDF72AC00CC4CE4 /* main.cpp in Sources */,
			);
			runOnlyForDeploymentPostprocessing = 0;
		};
/* End PBXSourcesBuildPhase section */

/* Begin XCBuildConfiguration section */
		0513C1B31DDF72AC00CC4CE4 /* Debug */ = {
			isa = XCBuildConfiguration;
			buildSettings = {
				ALWAYS_SEARCH_USER_PATHS = NO;
				CLANG_ANALYZER_NONNULL = YES;
				CLANG_CXX_LANGUAGE_STANDARD = "gnu++0x";
				CLANG_CXX_LIBRARY = "libc++";
				CLANG_ENABLE_MODULES = YES;
				CLANG_ENABLE_OBJC_ARC = YES;
				CLANG_WARN_BOOL_CONVERSION = YES;
				CLANG_WARN_CONSTANT_CONVERSION = YES;
				CLANG_WARN_DIRECT_OBJC_ISA_USAGE = YES_ERROR;
				CLANG_WARN_DOCUMENTATION_COMMENTS = YES;
				CLANG_WARN_EMPTY_BODY = YES;
				CLANG_WARN_ENUM_CONVERSION = YES;
				CLANG_WARN_INFINITE_RECURSION = YES;
				CLANG_WARN_INT_CONVERSION = YES;
				CLANG_WARN_OBJC_ROOT_CLASS = YES_ERROR;
				CLANG_WARN_SUSPICIOUS_MOVES = YES;
				CLANG_WARN_UNREACHABLE_CODE = YES;
				CLANG_WARN__DUPLICATE_METHOD_MATCH = YES;
				CODE_SIGN_IDENTITY = "-";
				COPY_PHASE_STRIP = NO;
				DEBUG_INFORMATION_FORMAT = dwarf;
				ENABLE_STRICT_OBJC_MSGSEND = YES;
				ENABLE_TESTABILITY = YES;
				GCC_C_LANGUAGE_STANDARD = gnu99;
				GCC_DYNAMIC_NO_PIC = NO;
				GCC_NO_COMMON_BLOCKS = YES;
				GCC_OPTIMIZATION_LEVEL = 0;
				GCC_PREPROCESSOR_DEFINITIONS = (
					"DEBUG=1",
					"$(inherited)",
				);
				GCC_WARN_64_TO_32_BIT_CONVERSION = YES;
				GCC_WARN_ABOUT_RETURN_TYPE = YES_ERROR;
				GCC_WARN_UNDECLARED_SELECTOR = YES;
				GCC_WARN_UNINITIALIZED_AUTOS = YES_AGGRESSIVE;
				GCC_WARN_UNUSED_FUNCTION = YES;
				GCC_WARN_UNUSED_VARIABLE = YES;
				MACOSX_DEPLOYMENT_TARGET = 10.12;
				MTL_ENABLE_DEBUG_INFO = YES;
				ONLY_ACTIVE_ARCH = YES;
				SDKROOT = macosx;
			};
			name = Debug;
		};
		0513C1B41DDF72AC00CC4CE4 /* Release */ = {
			isa = XCBuildConfiguration;
			buildSettings = {
				ALWAYS_SEARCH_USER_PATHS = NO;
				CLANG_ANALYZER_NONNULL = YES;
				CLANG_CXX_LANGUAGE_STANDARD = "gnu++0x";
				CLANG_CXX_LIBRARY = "libc++";
				CLANG_ENABLE_MODULES = YES;
				CLANG_ENABLE_OBJC_ARC = YES;
				CLANG_WARN_BOOL_CONVERSION = YES;
				CLANG_WARN_CONSTANT_CONVERSION = YES;
				CLANG_WARN_DIRECT_OBJC_ISA_USAGE = YES_ERROR;
				CLANG_WARN_DOCUMENTATION_COMMENTS = YES;
				CLANG_WARN_EMPTY_BODY = YES;
				CLANG_WARN_ENUM_CONVERSION = YES;
				CLANG_WARN_INFINITE_RECURSION = YES;
				CLANG_WARN_INT_CONVERSION = YES;
				CLANG_WARN_OBJC_ROOT_CLASS = YES_ERROR;
				CLANG_WARN_SUSPICIOUS_MOVES = YES;
				CLANG_WARN_UNREACHABLE_CODE = YES;
				CLANG_WARN__DUPLICATE_METHOD_MATCH = YES;
				CODE_SIGN_IDENTITY = "-";
				COPY_PHASE_STRIP = NO;
				DEBUG_INFORMATION_FORMAT = "dwarf-with-dsym";
				ENABLE_NS_ASSERTIONS = NO;
				ENABLE_STRICT_OBJC_MSGSEND = YES;
				GCC_C_LANGUAGE_STANDARD = gnu99;
				GCC_NO_COMMON_BLOCKS = YES;
				GCC_WARN_64_TO_32_BIT_CONVERSION = YES;
				GCC_WARN_ABOUT_RETURN_TYPE = YES_ERROR;
				GCC_WARN_UNDECLARED_SELECTOR = YES;
				GCC_WARN_UNINITIALIZED_AUTOS = YES_AGGRESSIVE;
				GCC_WARN_UNUSED_FUNCTION = YES;
				GCC_WARN_UNUSED_VARIABLE = YES;
				MACOSX_DEPLOYMENT_TARGET = 10.12;
				MTL_ENABLE_DEBUG_INFO = NO;
				SDKROOT = macosx;
			};
			name = Release;
		};
		0513C1B61DDF72AC00CC4CE4 /* Debug */ = {
			isa = XCBuildConfiguration;
			buildSettings = {
				PRODUCT_NAME = "$(TARGET_NAME)";
			};
			name = Debug;
		};
		0513C1B71DDF72AC00CC4CE4 /* Release */ = {
			isa = XCBuildConfiguration;
			buildSettings = {
				PRODUCT_NAME = "$(TARGET_NAME)";
			};
			name = Release;
		};
/* End XCBuildConfiguration section */

/* Begin XCConfigurationList section */
		0513C1A91DDF72AC00CC4CE4 /* Build configuration list for PBXProject "Uva 357 - Let Me Count The Ways" */ = {
			isa = XCConfigurationList;
			buildConfigurations = (
				0513C1B31DDF72AC00CC4CE4 /* Debug */,
				0513C1B41DDF72AC00CC4CE4 /* Release */,
			);
			defaultConfigurationIsVisible = 0;
			defaultConfigurationName = Release;
		};
		0513C1B51DDF72AC00CC4CE4 /* Build configuration list for PBXNativeTarget "Uva 357 - Let Me Count The Ways" */ = {
			isa = XCConfigurationList;
			buildConfigurations = (
				0513C1B61DDF72AC00CC4CE4 /* Debug */,
				0513C1B71DDF72AC00CC4CE4 /* Release */,
			);
			defaultConfigurationIsVisible = 0;
		};
/* End XCConfigurationList section */
	};
	rootObject = 0513C1A61DDF72AC00CC4CE4 /* Project object */;
}
